{
    "_readme": [
        "This file locks the dependencies of your project to a known state",
        "Read more about it at https://getcomposer.org/doc/01-basic-usage.md#installing-dependencies",
        "This file is @generated automatically"
    ],
    "content-hash": "8edbf0836f57541f5f06b9d977f919b1",
    "packages": [
        {
            "name": "adinan-cenci/climatempo-api",
            "version": "4.0.0",
            "source": {
                "type": "git",
                "url": "https://github.com/adinan-cenci/climatempo-api.git",
                "reference": "26b9b042ee13fa510d43ed56e02224ed5da0f746"
            },
            "dist": {
                "type": "zip",
                "url": "https://api.github.com/repos/adinan-cenci/climatempo-api/zipball/26b9b042ee13fa510d43ed56e02224ed5da0f746",
                "reference": "26b9b042ee13fa510d43ed56e02224ed5da0f746",
                "shasum": ""
            },
            "require": {
                "php": ">=5.3"
            },
            "require-dev": {
                "phpunit/phpunit": "^6.2"
            },
            "type": "library",
            "autoload": {
                "psr-4": {
                    "AdinanCenci\\Climatempo\\": "src/"
                }
            },
            "notification-url": "https://packagist.org/downloads/",
            "license": [
                "MIT"
            ],
            "authors": [
                {
                    "name": "Adinan Cenci",
                    "email": "adinancenci@gmail.com",
                    "role": "developer"
                }
            ],
            "description": "Uma api para previsão de tempo escrita em PHP.",
            "keywords": [
                "api",
                "forecast",
                "previsão do tempo",
                "weather"
            ],
            "support": {
                "issues": "https://github.com/adinan-cenci/climatempo-api/issues",
                "source": "https://github.com/adinan-cenci/climatempo-api/tree/master"
            },
            "time": "2019-12-27T10:05:01+00:00"
        }
    ],
    "packages-dev": [],
    "aliases": [],
    "minimum-stability": "stable",
    "stability-flags": [],
    "prefer-stable": false,
    "prefer-lowest": false,
    "platform": [],
    "platform-dev": [],
    "plugin-api-version": "2.2.0"
}
